
Microsoft Visual Studio Solution File, Format Version 12.00
# Visual Studio Version 17
VisualStudioVersion = 17.0.31903.59
MinimumVisualStudioVersion = 10.0.40219.1
Project("{FAE04EC0-301F-11D3-BF4B-00C04F79EFBC}") = "Inma.Api", "Inma.Api\Inma.Api.csproj", "{2ED76477-8484-4383-8342-9590832C20C2}"
EndProject
Project("{2150E333-8FDC-42A3-9474-1A3956D46DE8}") = "Solution Items", "Solution Items", "{6424FE7B-9BB8-41F3-8738-6EF4AED9F0E7}"
	ProjectSection(SolutionItems) = preProject
		compose.yaml = compose.yaml
		.env = .env
	EndProjectSection
EndProject
Project("{FAE04EC0-301F-11D3-BF4B-00C04F79EFBC}") = "Inma.Tests", "Inma.Tests\Inma.Tests.csproj", "{5D7BCF6F-A151-44FD-89B0-EBB862456836}"
EndProject
Global
	GlobalSection(SolutionConfigurationPlatforms) = preSolution
		Debug|Any CPU = Debug|Any CPU
		Release|Any CPU = Release|Any CPU
	EndGlobalSection
	GlobalSection(SolutionProperties) = preSolution
		HideSolutionNode = FALSE
	EndGlobalSection
	GlobalSection(ProjectConfigurationPlatforms) = postSolution
		{2ED76477-8484-4383-8342-9590832C20C2}.Debug|Any CPU.ActiveCfg = Debug|Any CPU
		{2ED76477-8484-4383-8342-9590832C20C2}.Debug|Any CPU.Build.0 = Debug|Any CPU
		{2ED76477-8484-4383-8342-9590832C20C2}.Release|Any CPU.ActiveCfg = Release|Any CPU
		{2ED76477-8484-4383-8342-9590832C20C2}.Release|Any CPU.Build.0 = Release|Any CPU
		{5D7BCF6F-A151-44FD-89B0-EBB862456836}.Debug|Any CPU.ActiveCfg = Debug|Any CPU
		{5D7BCF6F-A151-44FD-89B0-EBB862456836}.Debug|Any CPU.Build.0 = Debug|Any CPU
		{5D7BCF6F-A151-44FD-89B0-EBB862456836}.Release|Any CPU.ActiveCfg = Release|Any CPU
		{5D7BCF6F-A151-44FD-89B0-EBB862456836}.Release|Any CPU.Build.0 = Release|Any CPU
	EndGlobalSection
EndGlobal
